schema: '2.0'
stages:
  train:
    cmd: python src/train.py output/prepared_data.pkl
    deps:
    - path: dataset
      md5: 2ed55dda1d7e8aa7038db7390fd15e15.dir
      size: 13080000
      nfiles: 10003
    - path: output/prepared_data.pkl
      md5: af8572d87f1054d393ad6d78e8711707
      size: 7010254
    - path: src/train.py
      md5: 1778fc3a8c89b9c814601da669157334
      size: 4772
    params:
      params.yaml:
        train.metric: l1
        train.order: 0
        train.sigma: 25.0
    outs:
    - path: output/metrics.csv
      md5: c96a3e72a2bcdd2590f611eb95d83417
      size: 53
    - path: output/models/KRR_model.pkl
      md5: ad4886195b1f96d86f0bd474fcccfb42
      size: 128064217
    - path: output/plots/Learning_Curve.png
      md5: 2281247b48dd08e6b13a9c86623631a3
      size: 29548
  prepare:
    cmd: python src/prepare.py
    deps:
    - path: dataset
      md5: 2ed55dda1d7e8aa7038db7390fd15e15.dir
      size: 13080000
      nfiles: 10003
    - path: src/prepare.py
      md5: 51f3c5838cde097655993f202bf6b93b
      size: 1260
    outs:
    - path: output/prepared_data.pkl
      md5: af8572d87f1054d393ad6d78e8711707
      size: 7010254
