schema: '2.0'
stages:
  train:
    cmd: python src/train.py output/prepared_data.pkl
    deps:
    - path: dataset
      md5: 2ed55dda1d7e8aa7038db7390fd15e15.dir
      size: 13080000
      nfiles: 10003
    - path: output/prepared_data.pkl
      md5: 6cf62c09204cbe4a8ea1da58d2a866cb
      size: 13531169
    - path: src/train.py
      md5: d1670b24e0db18fc6de5a003b104453a
      size: 5144
    params:
      params.yaml:
        train.metric: l1
        train.order: 0
        train.sigma: 25.0
    outs:
    - path: output/metrics.csv
      md5: 71bff68b2ffb8173a6ecbc67e4c84906
      size: 56
    - path: output/metrics.json
      md5: 085768d9ea7a4010510b94f30f23bdae
      size: 72
    - path: output/models/KRR_model.pkl
      md5: 0fc7f6c20d5960c2b63fdfaa40d35806
      size: 640064263
    - path: output/plots/Learning_Curve.png
      md5: 8ab7c9d71493b3a72bde85a3caa2e240
      size: 32956
  prepare:
    cmd: python src/prepare.py
    deps:
    - path: dataset
      md5: 2ed55dda1d7e8aa7038db7390fd15e15.dir
      size: 13080000
      nfiles: 10003
    - path: src/prepare.py
      md5: bd856b571791eb2d923436b26aca3f3e
      size: 1621
    outs:
    - path: output/prepared_data.pkl
      md5: 6cf62c09204cbe4a8ea1da58d2a866cb
      size: 13531169
  test:
    cmd: python src/test.py output/dataset
    deps:
    - path: output/dataset
      md5: 911b7a9f55d6adf46c71351ee7b0818b.dir
      size: 12560788
      nfiles: 5
    - path: src/test.py
      md5: 43ac3adcf71190ad078847310f4c9f60
      size: 3624
    outs:
    - path: output/test/actual_pred
      md5: 090c03c3c22604c586c2e870ad19c5cd.dir
      size: 1116835
      nfiles: 2
    - path: output/test/live/metrics.json
      md5: 38ff871939e1335469d8a2eb92374cb5
      size: 159
