schema: '2.0'
stages:
  train:
    cmd: python src/train.py output/prepared_data.pkl
    deps:
    - path: dataset
      md5: 2ed55dda1d7e8aa7038db7390fd15e15.dir
      size: 13080000
      nfiles: 10003
    - path: output/prepared_data.pkl
      md5: af8572d87f1054d393ad6d78e8711707
      size: 7010254
    - path: src/train.py
      md5: 655773434a29930354016bd7a2e1f4b7
      size: 4775
    params:
      params.yaml:
        train.metric: l1
        train.order: 0
        train.sigma: 25.0
    outs:
    - path: output/metrics.csv
      md5: d549cbd1e9af03a329e8c87d793ebf95
      size: 55
    - path: output/models/KRR_model.pkl
      md5: 8df10ba14ada25efb56eeebeaeb1d066
      size: 640064263
    - path: output/plots/Learning_Curve.png
      md5: cea8aa9194a1b605eb3f93895a4c4963
      size: 29935
  prepare:
    cmd: python src/prepare.py
    deps:
    - path: dataset
      md5: 2ed55dda1d7e8aa7038db7390fd15e15.dir
      size: 13080000
      nfiles: 10003
    - path: src/prepare.py
      md5: 51f3c5838cde097655993f202bf6b93b
      size: 1260
    outs:
    - path: output/prepared_data.pkl
      md5: af8572d87f1054d393ad6d78e8711707
      size: 7010254
  test:
    cmd: python src/test.py output/dataset
    deps:
    - path: output/dataset
      md5: 4cb699db94beb9779be230cf15887835.dir
      size: 6320626
      nfiles: 4
    - path: src/test.py
      md5: 541026d07e7cad6d6e02e07d43343e9d
      size: 3607
    outs:
    - path: output/test/actual_predicted
      md5: f4112b1504252356938d2150d2c1b59f.dir
      size: 1002716
      nfiles: 2
    - path: output/test/live/metrics.json
      md5: 8f0274a1ab4f22fa4299f4ed8c7c0d80
      size: 161
